
Microsoft Visual Studio Solution File, Format Version 12.00
# Visual Studio Version 17
VisualStudioVersion = 17.3.32825.248
MinimumVisualStudioVersion = 10.0.40219.1
Project("{FAE04EC0-301F-11D3-BF4B-00C04F79EFBC}") = "BakeryShop.BusinessObject", "BakeryShop.BusinessObject\BakeryShop.BusinessObject.csproj", "{AE537CC8-A842-4D4D-81B5-16FD4543952D}"
EndProject
Project("{FAE04EC0-301F-11D3-BF4B-00C04F79EFBC}") = "BakeryShop.API", "BakeryShop.API\BakeryShop.API.csproj", "{79F837FB-365F-4CD9-8EDD-1D125472ACCD}"
EndProject
Project("{FAE04EC0-301F-11D3-BF4B-00C04F79EFBC}") = "BakeryShop.Identity", "BakeryShop.Identity\BakeryShop.Identity.csproj", "{F7E4028D-3BFD-40BC-830B-BAA6064269FC}"
EndProject
Project("{FAE04EC0-301F-11D3-BF4B-00C04F79EFBC}") = "BakeryShop.Data", "BakeryShop.Services\BakeryShop.Data.csproj", "{F8AEB805-0AC3-4F60-970C-837F1BED2FA9}"
EndProject
Global
	GlobalSection(SolutionConfigurationPlatforms) = preSolution
		Debug|Any CPU = Debug|Any CPU
		Release|Any CPU = Release|Any CPU
	EndGlobalSection
	GlobalSection(ProjectConfigurationPlatforms) = postSolution
		{AE537CC8-A842-4D4D-81B5-16FD4543952D}.Debug|Any CPU.ActiveCfg = Debug|Any CPU
		{AE537CC8-A842-4D4D-81B5-16FD4543952D}.Debug|Any CPU.Build.0 = Debug|Any CPU
		{AE537CC8-A842-4D4D-81B5-16FD4543952D}.Release|Any CPU.ActiveCfg = Release|Any CPU
		{AE537CC8-A842-4D4D-81B5-16FD4543952D}.Release|Any CPU.Build.0 = Release|Any CPU
		{79F837FB-365F-4CD9-8EDD-1D125472ACCD}.Debug|Any CPU.ActiveCfg = Debug|Any CPU
		{79F837FB-365F-4CD9-8EDD-1D125472ACCD}.Debug|Any CPU.Build.0 = Debug|Any CPU
		{79F837FB-365F-4CD9-8EDD-1D125472ACCD}.Release|Any CPU.ActiveCfg = Release|Any CPU
		{79F837FB-365F-4CD9-8EDD-1D125472ACCD}.Release|Any CPU.Build.0 = Release|Any CPU
		{F7E4028D-3BFD-40BC-830B-BAA6064269FC}.Debug|Any CPU.ActiveCfg = Debug|Any CPU
		{F7E4028D-3BFD-40BC-830B-BAA6064269FC}.Debug|Any CPU.Build.0 = Debug|Any CPU
		{F7E4028D-3BFD-40BC-830B-BAA6064269FC}.Release|Any CPU.ActiveCfg = Release|Any CPU
		{F7E4028D-3BFD-40BC-830B-BAA6064269FC}.Release|Any CPU.Build.0 = Release|Any CPU
		{F8AEB805-0AC3-4F60-970C-837F1BED2FA9}.Debug|Any CPU.ActiveCfg = Debug|Any CPU
		{F8AEB805-0AC3-4F60-970C-837F1BED2FA9}.Debug|Any CPU.Build.0 = Debug|Any CPU
		{F8AEB805-0AC3-4F60-970C-837F1BED2FA9}.Release|Any CPU.ActiveCfg = Release|Any CPU
		{F8AEB805-0AC3-4F60-970C-837F1BED2FA9}.Release|Any CPU.Build.0 = Release|Any CPU
	EndGlobalSection
	GlobalSection(SolutionProperties) = preSolution
		HideSolutionNode = FALSE
	EndGlobalSection
	GlobalSection(ExtensibilityGlobals) = postSolution
		SolutionGuid = {4B1F2316-2F42-499E-AA42-A2246D2CDFE7}
	EndGlobalSection
EndGlobal
